
Microsoft Visual Studio Solution File, Format Version 12.00
# Visual Studio Version 16
VisualStudioVersion = 16.0.29306.81
MinimumVisualStudioVersion = 10.0.40219.1
Project("{9A19103F-16F7-4668-BE54-9A1E7A4F7556}") = "SportsStore.Tests", "SportsStore.Tests\SportsStore.Tests.csproj", "{449B8737-99BB-452C-A442-CB7154E1C9EB}"
EndProject
Project("{9A19103F-16F7-4668-BE54-9A1E7A4F7556}") = "SportsStore", "SportsStore\SportsStore.csproj", "{99D6E8AE-5545-44CB-96F7-AC7AEEF24FE5}"
EndProject
Global
	GlobalSection(SolutionConfigurationPlatforms) = preSolution
		Debug|Any CPU = Debug|Any CPU
		Release|Any CPU = Release|Any CPU
	EndGlobalSection
	GlobalSection(ProjectConfigurationPlatforms) = postSolution
		{449B8737-99BB-452C-A442-CB7154E1C9EB}.Debug|Any CPU.ActiveCfg = Debug|Any CPU
		{449B8737-99BB-452C-A442-CB7154E1C9EB}.Debug|Any CPU.Build.0 = Debug|Any CPU
		{449B8737-99BB-452C-A442-CB7154E1C9EB}.Release|Any CPU.ActiveCfg = Release|Any CPU
		{449B8737-99BB-452C-A442-CB7154E1C9EB}.Release|Any CPU.Build.0 = Release|Any CPU
		{99D6E8AE-5545-44CB-96F7-AC7AEEF24FE5}.Debug|Any CPU.ActiveCfg = Debug|Any CPU
		{99D6E8AE-5545-44CB-96F7-AC7AEEF24FE5}.Debug|Any CPU.Build.0 = Debug|Any CPU
		{99D6E8AE-5545-44CB-96F7-AC7AEEF24FE5}.Release|Any CPU.ActiveCfg = Release|Any CPU
		{99D6E8AE-5545-44CB-96F7-AC7AEEF24FE5}.Release|Any CPU.Build.0 = Release|Any CPU
	EndGlobalSection
	GlobalSection(SolutionProperties) = preSolution
		HideSolutionNode = FALSE
	EndGlobalSection
	GlobalSection(ExtensibilityGlobals) = postSolution
		SolutionGuid = {E6AE20B3-EAB9-4B3B-8700-263FF929CD28}
	EndGlobalSection
EndGlobal
